{
  "requires": true,
  "lockfileVersion": 1,
  "dependencies": {
    "pattern.css": {
      "version": "1.0.0",
      "resolved": "https://registry.npmjs.org/pattern.css/-/pattern.css-1.0.0.tgz",
      "integrity": "sha512-2bW2rCCdLGgvJPpiSJGrg44onxRWTMQpn6tooAayomsCHiso3nehlp5OugNYHSXxYuFfQ1vtDXtGbq6H206qLw=="
    }
  }
}
